
Microsoft Visual Studio Solution File, Format Version 12.00
# Visual Studio Version 17
VisualStudioVersion = 17.14.36408.4 d17.14
MinimumVisualStudioVersion = 10.0.40219.1
Project("{FAE04EC0-301F-11D3-BF4B-00C04F79EFBC}") = "ProductInventory.Mvc", "ProductInventory.Mvc\ProductInventory.Mvc.csproj", "{81C34695-D630-4A87-83D5-ABD21C4D484F}"
EndProject
Global
	GlobalSection(SolutionConfigurationPlatforms) = preSolution
		Debug|Any CPU = Debug|Any CPU
		Release|Any CPU = Release|Any CPU
	EndGlobalSection
	GlobalSection(ProjectConfigurationPlatforms) = postSolution
		{81C34695-D630-4A87-83D5-ABD21C4D484F}.Debug|Any CPU.ActiveCfg = Debug|Any CPU
		{81C34695-D630-4A87-83D5-ABD21C4D484F}.Debug|Any CPU.Build.0 = Debug|Any CPU
		{81C34695-D630-4A87-83D5-ABD21C4D484F}.Release|Any CPU.ActiveCfg = Release|Any CPU
		{81C34695-D630-4A87-83D5-ABD21C4D484F}.Release|Any CPU.Build.0 = Release|Any CPU
	EndGlobalSection
	GlobalSection(SolutionProperties) = preSolution
		HideSolutionNode = FALSE
	EndGlobalSection
	GlobalSection(ExtensibilityGlobals) = postSolution
		SolutionGuid = {53131C5E-2A04-4BC4-A819-4CFB06734544}
	EndGlobalSection
EndGlobal
